
Microsoft Visual Studio Solution File, Format Version 12.00
# Visual Studio 2012
Project("{FAE04EC0-301F-11D3-BF4B-00C04F79EFBC}") = "ATM", "ATM\ATM.csproj", "{8A63D03A-F373-4894-9A2F-E4B8FF11A4E2}"
EndProject
Project("{FAE04EC0-301F-11D3-BF4B-00C04F79EFBC}") = "AtmConsoleUI", "AtmConsoleUI\AtmConsoleUI.csproj", "{66DFDB7B-4DF7-423B-858E-1EF54A6393EB}"
EndProject
Project("{FAE04EC0-301F-11D3-BF4B-00C04F79EFBC}") = "AtmGraphicalUI", "AtmGraphicalUI\AtmGraphicalUI.csproj", "{ABC933D8-FC54-4E8E-ADC9-03ABF1E79A71}"
EndProject
Global
	GlobalSection(SolutionConfigurationPlatforms) = preSolution
		Debug|Any CPU = Debug|Any CPU
		Release|Any CPU = Release|Any CPU
	EndGlobalSection
	GlobalSection(ProjectConfigurationPlatforms) = postSolution
		{8A63D03A-F373-4894-9A2F-E4B8FF11A4E2}.Debug|Any CPU.ActiveCfg = Debug|Any CPU
		{8A63D03A-F373-4894-9A2F-E4B8FF11A4E2}.Debug|Any CPU.Build.0 = Debug|Any CPU
		{8A63D03A-F373-4894-9A2F-E4B8FF11A4E2}.Release|Any CPU.ActiveCfg = Release|Any CPU
		{8A63D03A-F373-4894-9A2F-E4B8FF11A4E2}.Release|Any CPU.Build.0 = Release|Any CPU
		{66DFDB7B-4DF7-423B-858E-1EF54A6393EB}.Debug|Any CPU.ActiveCfg = Debug|Any CPU
		{66DFDB7B-4DF7-423B-858E-1EF54A6393EB}.Debug|Any CPU.Build.0 = Debug|Any CPU
		{66DFDB7B-4DF7-423B-858E-1EF54A6393EB}.Release|Any CPU.ActiveCfg = Release|Any CPU
		{66DFDB7B-4DF7-423B-858E-1EF54A6393EB}.Release|Any CPU.Build.0 = Release|Any CPU
		{ABC933D8-FC54-4E8E-ADC9-03ABF1E79A71}.Debug|Any CPU.ActiveCfg = Debug|Any CPU
		{ABC933D8-FC54-4E8E-ADC9-03ABF1E79A71}.Debug|Any CPU.Build.0 = Debug|Any CPU
		{ABC933D8-FC54-4E8E-ADC9-03ABF1E79A71}.Release|Any CPU.ActiveCfg = Release|Any CPU
		{ABC933D8-FC54-4E8E-ADC9-03ABF1E79A71}.Release|Any CPU.Build.0 = Release|Any CPU
	EndGlobalSection
	GlobalSection(SolutionProperties) = preSolution
		HideSolutionNode = FALSE
	EndGlobalSection
EndGlobal
